
Microsoft Visual Studio Solution File, Format Version 10.00
# Visual Studio 2008
Project("{8BC9CEB8-8B4A-11D0-8D11-00A0C91BC942}") = "SccpTest", "SccpTest\SccpTest.vcproj", "{20BD98C3-9592-4DEF-B694-BF1AD10D49CE}"
EndProject
Global
	GlobalSection(SolutionConfigurationPlatforms) = preSolution
		Debug|Win32 = Debug|Win32
		Release|Win32 = Release|Win32
	EndGlobalSection
	GlobalSection(ProjectConfigurationPlatforms) = postSolution
		{20BD98C3-9592-4DEF-B694-BF1AD10D49CE}.Debug|Win32.ActiveCfg = Debug|Win32
		{20BD98C3-9592-4DEF-B694-BF1AD10D49CE}.Debug|Win32.Build.0 = Debug|Win32
		{20BD98C3-9592-4DEF-B694-BF1AD10D49CE}.Release|Win32.ActiveCfg = Release|Win32
		{20BD98C3-9592-4DEF-B694-BF1AD10D49CE}.Release|Win32.Build.0 = Release|Win32
	EndGlobalSection
	GlobalSection(SolutionProperties) = preSolution
		HideSolutionNode = FALSE
	EndGlobalSection
EndGlobal
